{
  "name": "BeavisBot",
  "version": "2.1.0",
  "lockfileVersion": 1,
  "requires": true,
  "dependencies": {
    "@types/geojson": {
      "version": "7946.0.7",
      "resolved": "https://registry.npmjs.org/@types/geojson/-/geojson-7946.0.7.tgz",
      "integrity": "sha512-wE2v81i4C4Ol09RtsWFAqg3BUitWbHSpSlIo+bNdsCJijO9sjme+zm+73ZMCa/qMC8UEERxzGbvmr1cffo2SiQ=="
    },
    "@types/node": {
      "version": "14.14.35",
      "resolved": "https://registry.npmjs.org/@types/node/-/node-14.14.35.tgz",
      "integrity": "sha512-Lt+wj8NVPx0zUmUwumiVXapmaLUcAk3yPuHCFVXras9k5VT9TdhJqKqGVUQCD60OTMCl0qxJ57OiTL0Mic3Iag=="
    },
    "any-promise": {
      "version": "1.3.0",
      "resolved": "https://registry.npmjs.org/any-promise/-/any-promise-1.3.0.tgz",
      "integrity": "sha1-q8av7tzqUugJzcA3au0845Y10X8="
    },
    "cleverbot-node": {
      "version": "0.3.11",
      "resolved": "https://registry.npmjs.org/cleverbot-node/-/cleverbot-node-0.3.11.tgz",
      "integrity": "sha1-fGkhFZScrStLXPH9cphaHNr1LT8="
    },
    "date-fns": {
      "version": "2.19.0",
      "resolved": "https://registry.npmjs.org/date-fns/-/date-fns-2.19.0.tgz",
      "integrity": "sha512-X3bf2iTPgCAQp9wvjOQytnf5vO5rESYRXlPIVcgSbtT5OTScPcsf9eZU+B/YIkKAtYr5WeCii58BgATrNitlWg=="
    },
    "debug": {
      "version": "4.3.1",
      "resolved": "https://registry.npmjs.org/debug/-/debug-4.3.1.tgz",
      "integrity": "sha512-doEwdvm4PCeK4K3RQN2ZC2BYUBaxwLARCqZmMjtF8a51J2Rb0xpVloFRnCODwqjpwnAoao4pelN8l3RJdv3gRQ==",
      "requires": {
        "ms": "2.1.2"
      }
    },
    "denque": {
      "version": "1.5.0",
      "resolved": "https://registry.npmjs.org/denque/-/denque-1.5.0.tgz",
      "integrity": "sha512-CYiCSgIF1p6EUByQPlGkKnP1M9g0ZV3qMIrqMqZqdwazygIA/YP2vrbcyl1h/WppKJTdl1F85cXIle+394iDAQ=="
    },
    "dottie": {
      "version": "2.0.2",
      "resolved": "https://registry.npmjs.org/dottie/-/dottie-2.0.2.tgz",
      "integrity": "sha512-fmrwR04lsniq/uSr8yikThDTrM7epXHBAAjH9TbeH3rEA8tdCO7mRzB9hdmdGyJCxF8KERo9CITcm3kGuoyMhg=="
    },
    "html-entities": {
      "version": "2.1.1",
      "resolved": "https://registry.npmjs.org/html-entities/-/html-entities-2.1.1.tgz",
      "integrity": "sha512-HjNLgm9Ba8zKd6NDMkXa0mMPn3eDUxOUnEIm/qy2Rm6rnqRHgI9DpMYIv1Fndu8haUmfMQHNYNrlNKmdU8GMnQ=="
    },
    "iconv-lite": {
      "version": "0.6.2",
      "resolved": "https://registry.npmjs.org/iconv-lite/-/iconv-lite-0.6.2.tgz",
      "integrity": "sha512-2y91h5OpQlolefMPmUlivelittSWy0rP+oYVpn6A7GwVHNE8AWzoYOBNmlwks3LobaJxgHCYZAnyNo2GgpNRNQ==",
      "requires": {
        "safer-buffer": ">= 2.1.2 < 3.0.0"
      }
    },
    "inflection": {
      "version": "1.12.0",
      "resolved": "https://registry.npmjs.org/inflection/-/inflection-1.12.0.tgz",
      "integrity": "sha1-ogCTVlbW9fa8TcdQLhrstwMihBY="
    },
    "lodash": {
      "version": "4.17.21",
      "resolved": "https://registry.npmjs.org/lodash/-/lodash-4.17.21.tgz",
      "integrity": "sha512-v2kDEe57lecTulaDIuNTPy3Ry4gLGJ6Z1O3vE1krgXZNrsQ+LFTGHVxVjcXPs17LhbZVGedAJv8XZ1tvj5FvSg=="
    },
    "long": {
      "version": "4.0.0",
      "resolved": "https://registry.npmjs.org/long/-/long-4.0.0.tgz",
      "integrity": "sha512-XsP+KhQif4bjX1kbuSiySJFNAehNxgLb6hPRGJ9QsUr8ajHkuXGdrHmFUTUUXhDwVX2R5bY4JNZEwbUiMhV+MA=="
    },
    "lru-cache": {
      "version": "6.0.0",
      "resolved": "https://registry.npmjs.org/lru-cache/-/lru-cache-6.0.0.tgz",
      "integrity": "sha512-Jo6dJ04CmSjuznwJSS3pUeWmd/H0ffTlkXXgwZi+eq1UCmqQwCh+eLsYOYCwY991i2Fah4h1BEMCx4qThGbsiA==",
      "requires": {
        "yallist": "^4.0.0"
      }
    },
    "mariadb": {
      "version": "2.5.3",
      "resolved": "https://registry.npmjs.org/mariadb/-/mariadb-2.5.3.tgz",
      "integrity": "sha512-9ZbQ1zLqasLCQy6KDcPHtX7EUIMBlQ8p64gNR61+yfpCIWjPDji3aR56LvwbOz1QnQbVgYBOJ4J/pHoFN5MR+w==",
      "requires": {
        "@types/geojson": "^7946.0.7",
        "@types/node": "^14.14.28",
        "denque": "^1.4.1",
        "iconv-lite": "^0.6.2",
        "long": "^4.0.0",
        "moment-timezone": "^0.5.33",
        "please-upgrade-node": "^3.2.0"
      }
    },
    "moment": {
      "version": "2.29.1",
      "resolved": "https://registry.npmjs.org/moment/-/moment-2.29.1.tgz",
      "integrity": "sha512-kHmoybcPV8Sqy59DwNDY3Jefr64lK/by/da0ViFcuA4DH0vQg5Q6Ze5VimxkfQNSC+Mls/Kx53s7TjP1RhFEDQ=="
    },
    "moment-timezone": {
      "version": "0.5.33",
      "resolved": "https://registry.npmjs.org/moment-timezone/-/moment-timezone-0.5.33.tgz",
      "integrity": "sha512-PTc2vcT8K9J5/9rDEPe5czSIKgLoGsH8UNpA4qZTVw0Vd/Uz19geE9abbIOQKaAQFcnQ3v5YEXrbSc5BpshH+w==",
      "requires": {
        "moment": ">= 2.9.0"
      }
    },
    "ms": {
      "version": "2.1.2",
      "resolved": "https://registry.npmjs.org/ms/-/ms-2.1.2.tgz",
      "integrity": "sha512-sGkPx+VjMtmA6MX27oA4FBFELFCZZ4S4XqeGOXCv68tT+jb3vk/RyaKWP0PTKyWtmLSM0b+adUTEvbs1PEaH2w=="
    },
    "node-fetch": {
      "version": "2.6.1",
      "resolved": "https://registry.npmjs.org/node-fetch/-/node-fetch-2.6.1.tgz",
      "integrity": "sha512-V4aYg89jEoVRxRb2fJdAg8FHvI7cEyYdVAh94HH0UIK8oJxUfkjlDQN9RbMx+bEjP7+ggMiFRprSti032Oipxw=="
    },
    "please-upgrade-node": {
      "version": "3.2.0",
      "resolved": "https://registry.npmjs.org/please-upgrade-node/-/please-upgrade-node-3.2.0.tgz",
      "integrity": "sha512-gQR3WpIgNIKwBMVLkpMUeR3e1/E1y42bqDQZfql+kDeXd8COYfM8PQA4X6y7a8u9Ua9FHmsrrmirW2vHs45hWg==",
      "requires": {
        "semver-compare": "^1.0.0"
      }
    },
    "popyt": {
      "version": "5.0.0",
      "resolved": "https://registry.npmjs.org/popyt/-/popyt-5.0.0.tgz",
      "integrity": "sha512-u2J7zfuT+9TL9B+LIntj48jyfTICWipSm/8pBMhIQppqRhWuCP4LyfCQSKlkxi+FTY8KTpEtaQUQmaSjLQnIbA=="
    },
    "require-reload": {
      "version": "0.2.2",
      "resolved": "https://registry.npmjs.org/require-reload/-/require-reload-0.2.2.tgz",
      "integrity": "sha1-KadZGEbK+RtuijzamRaD+V+NfUI="
    },
    "retry-as-promised": {
      "version": "3.2.0",
      "resolved": "https://registry.npmjs.org/retry-as-promised/-/retry-as-promised-3.2.0.tgz",
      "integrity": "sha512-CybGs60B7oYU/qSQ6kuaFmRd9sTZ6oXSc0toqePvV74Ac6/IFZSI1ReFQmtCN+uvW1Mtqdwpvt/LGOiCBAY2Mg==",
      "requires": {
        "any-promise": "^1.3.0"
      }
    },
    "safer-buffer": {
      "version": "2.1.2",
      "resolved": "https://registry.npmjs.org/safer-buffer/-/safer-buffer-2.1.2.tgz",
      "integrity": "sha512-YZo3K82SD7Riyi0E1EQPojLz7kpepnSQI9IyPbHHg1XXXevb5dJI7tpyN2ADxGcQbHG7vcyRHk0cbwqcQriUtg=="
    },
    "semver": {
      "version": "7.3.4",
      "resolved": "https://registry.npmjs.org/semver/-/semver-7.3.4.tgz",
      "integrity": "sha512-tCfb2WLjqFAtXn4KEdxIhalnRtoKFN7nAwj0B3ZXCbQloV2tq5eDbcTmT68JJD3nRJq24/XgxtQKFIpQdtvmVw==",
      "requires": {
        "lru-cache": "^6.0.0"
      }
    },
    "semver-compare": {
      "version": "1.0.0",
      "resolved": "https://registry.npmjs.org/semver-compare/-/semver-compare-1.0.0.tgz",
      "integrity": "sha1-De4hahyUGrN+nvsXiPavxf9VN/w="
    },
    "sequelize": {
      "version": "6.5.1",
      "resolved": "https://registry.npmjs.org/sequelize/-/sequelize-6.5.1.tgz",
      "integrity": "sha512-DWgaF+Vw+gWpxomyyYppUOCWzP0ReoMol8EEaDMA+cbSUevyMb74BEwSAd0c8GKgDYiOjpq4DmKBQLHtLAgS1g==",
      "requires": {
        "debug": "^4.1.1",
        "dottie": "^2.0.0",
        "inflection": "1.12.0",
        "lodash": "^4.17.20",
        "moment": "^2.26.0",
        "moment-timezone": "^0.5.31",
        "retry-as-promised": "^3.2.0",
        "semver": "^7.3.2",
        "sequelize-pool": "^6.0.0",
        "toposort-class": "^1.0.1",
        "uuid": "^8.1.0",
        "validator": "^10.11.0",
        "wkx": "^0.5.0"
      }
    },
    "sequelize-pool": {
      "version": "6.1.0",
      "resolved": "https://registry.npmjs.org/sequelize-pool/-/sequelize-pool-6.1.0.tgz",
      "integrity": "sha512-4YwEw3ZgK/tY/so+GfnSgXkdwIJJ1I32uZJztIEgZeAO6HMgj64OzySbWLgxj+tXhZCJnzRfkY9gINw8Ft8ZMg=="
    },
    "toposort-class": {
      "version": "1.0.1",
      "resolved": "https://registry.npmjs.org/toposort-class/-/toposort-class-1.0.1.tgz",
      "integrity": "sha1-f/0feMi+KMO6Rc1OGj9e4ZO9mYg="
    },
    "ttapi": {
      "version": "git+https://github.com/alaingilbert/Turntable-API.git#e0456b2ba8ca013bf42a5d5f1ed52d8a9e572938",
      "from": "git+https://github.com/alaingilbert/Turntable-API.git",
      "requires": {
        "node-fetch": "^2.6.1",
        "ws": "^7.4.3"
      }
    },
    "underscore": {
      "version": "1.12.1",
      "resolved": "https://registry.npmjs.org/underscore/-/underscore-1.12.1.tgz",
      "integrity": "sha512-hEQt0+ZLDVUMhebKxL4x1BTtDY7bavVofhZ9KZ4aI26X9SRaE+Y3m83XUL1UP2jn8ynjndwCCpEHdUG+9pP1Tw=="
    },
    "uuid": {
      "version": "8.3.2",
      "resolved": "https://registry.npmjs.org/uuid/-/uuid-8.3.2.tgz",
      "integrity": "sha512-+NYs2QeMWy+GWFOEm9xnn6HCDp0l7QBD7ml8zLUmJ+93Q5NF0NocErnwkTkXVFNiX3/fpC6afS8Dhb/gz7R7eg=="
    },
    "validator": {
      "version": "10.11.0",
      "resolved": "https://registry.npmjs.org/validator/-/validator-10.11.0.tgz",
      "integrity": "sha512-X/p3UZerAIsbBfN/IwahhYaBbY68EN/UQBWHtsbXGT5bfrH/p4NQzUCG1kF/rtKaNpnJ7jAu6NGTdSNtyNIXMw=="
    },
    "wkx": {
      "version": "0.5.0",
      "resolved": "https://registry.npmjs.org/wkx/-/wkx-0.5.0.tgz",
      "integrity": "sha512-Xng/d4Ichh8uN4l0FToV/258EjMGU9MGcA0HV2d9B/ZpZB3lqQm7nkOdZdm5GhKtLLhAE7PiVQwN4eN+2YJJUg==",
      "requires": {
        "@types/node": "*"
      }
    },
    "ws": {
      "version": "7.4.4",
      "resolved": "https://registry.npmjs.org/ws/-/ws-7.4.4.tgz",
      "integrity": "sha512-Qm8k8ojNQIMx7S+Zp8u/uHOx7Qazv3Yv4q68MiWWWOJhiwG5W3x7iqmRtJo8xxrciZUY4vRxUTJCKuRnF28ZZw=="
    },
    "yallist": {
      "version": "4.0.0",
      "resolved": "https://registry.npmjs.org/yallist/-/yallist-4.0.0.tgz",
      "integrity": "sha512-3wdGidZyq5PB084XLES5TpOSRA3wjXAlIWMhum2kRcv/41Sn2emQ0dycQW4uZXLejwKvg6EsvbdlVL+FYEct7A=="
    }
  }
}
